
Microsoft Visual Studio Solution File, Format Version 12.00
# Visual Studio Version 17
VisualStudioVersion = 17.9.34728.123
MinimumVisualStudioVersion = 10.0.40219.1
Project("{FAE04EC0-301F-11D3-BF4B-00C04F79EFBC}") = "SampleTest", "SampleTest\SampleTest.csproj", "{2D3ED7CD-26D1-4C3B-907B-9D31166978A2}"
EndProject
Project("{FAE04EC0-301F-11D3-BF4B-00C04F79EFBC}") = "TestProject", "TestProject\TestProject.csproj", "{01CCE4E0-1178-47DF-AC55-7E7952CEB4D3}"
EndProject
Global
	GlobalSection(SolutionConfigurationPlatforms) = preSolution
		Debug|Any CPU = Debug|Any CPU
		Release|Any CPU = Release|Any CPU
	EndGlobalSection
	GlobalSection(ProjectConfigurationPlatforms) = postSolution
		{2D3ED7CD-26D1-4C3B-907B-9D31166978A2}.Debug|Any CPU.ActiveCfg = Debug|Any CPU
		{2D3ED7CD-26D1-4C3B-907B-9D31166978A2}.Debug|Any CPU.Build.0 = Debug|Any CPU
		{2D3ED7CD-26D1-4C3B-907B-9D31166978A2}.Release|Any CPU.ActiveCfg = Release|Any CPU
		{2D3ED7CD-26D1-4C3B-907B-9D31166978A2}.Release|Any CPU.Build.0 = Release|Any CPU
		{01CCE4E0-1178-47DF-AC55-7E7952CEB4D3}.Debug|Any CPU.ActiveCfg = Debug|Any CPU
		{01CCE4E0-1178-47DF-AC55-7E7952CEB4D3}.Debug|Any CPU.Build.0 = Debug|Any CPU
		{01CCE4E0-1178-47DF-AC55-7E7952CEB4D3}.Release|Any CPU.ActiveCfg = Release|Any CPU
		{01CCE4E0-1178-47DF-AC55-7E7952CEB4D3}.Release|Any CPU.Build.0 = Release|Any CPU
	EndGlobalSection
	GlobalSection(SolutionProperties) = preSolution
		HideSolutionNode = FALSE
	EndGlobalSection
	GlobalSection(ExtensibilityGlobals) = postSolution
		SolutionGuid = {B073DC60-6F59-40EC-8EEC-95C61FDEA7E8}
	EndGlobalSection
EndGlobal
